
Microsoft Visual Studio Solution File, Format Version 12.00
# Visual Studio Version 17
VisualStudioVersion = 17.1.32228.430
MinimumVisualStudioVersion = 10.0.40219.1
Project("{9A19103F-16F7-4668-BE54-9A1E7A4F7556}") = "SalesMvc", "SalesMvc\SalesMvc.csproj", "{8978F216-C6F0-45C2-A5CA-DB157C862E1A}"
EndProject
Global
	GlobalSection(SolutionConfigurationPlatforms) = preSolution
		Debug|Any CPU = Debug|Any CPU
		Release|Any CPU = Release|Any CPU
	EndGlobalSection
	GlobalSection(ProjectConfigurationPlatforms) = postSolution
		{8978F216-C6F0-45C2-A5CA-DB157C862E1A}.Debug|Any CPU.ActiveCfg = Debug|Any CPU
		{8978F216-C6F0-45C2-A5CA-DB157C862E1A}.Debug|Any CPU.Build.0 = Debug|Any CPU
		{8978F216-C6F0-45C2-A5CA-DB157C862E1A}.Release|Any CPU.ActiveCfg = Release|Any CPU
		{8978F216-C6F0-45C2-A5CA-DB157C862E1A}.Release|Any CPU.Build.0 = Release|Any CPU
	EndGlobalSection
	GlobalSection(SolutionProperties) = preSolution
		HideSolutionNode = FALSE
	EndGlobalSection
	GlobalSection(ExtensibilityGlobals) = postSolution
		SolutionGuid = {5CE3852C-45B1-49A6-B4C4-3CA90F55EFDC}
	EndGlobalSection
EndGlobal
